PODS:
  - ConfigWiseSDK (2.1.0):
    - ConfigWiseSDK/CWSDKData (= 2.1.0)
    - ConfigWiseSDK/CWSDKRender (= 2.1.0)
  - ConfigWiseSDK/CWSDKData (2.1.0)
  - ConfigWiseSDK/CWSDKRender (2.1.0):
    - ConfigWiseSDK/CWSDKData
  - cwflutter (1.0.17):
    - ConfigWiseSDK (~> 2.1.0)
    - Flutter
  - Flutter (1.0.0)
  - fluttertoast (0.0.2):
    - Flutter
    - Toast
  - Toast (4.0.0)

DEPENDENCIES:
  - cwflutter (from `.symlinks/plugins/cwflutter/ios`)
  - Flutter (from `Flutter`)
  - fluttertoast (from `.symlinks/plugins/fluttertoast/ios`)

SPEC REPOS:
  trunk:
    - ConfigWiseSDK
    - Toast

EXTERNAL SOURCES:
  cwflutter:
    :path: ".symlinks/plugins/cwflutter/ios"
  Flutter:
    :path: Flutter
  fluttertoast:
    :path: ".symlinks/plugins/fluttertoast/ios"

SPEC CHECKSUMS:
  ConfigWiseSDK: 2eafc818e800a4414facb5b6b9f72affdf27434b
  cwflutter: 29bc9ad4df03cedf4cf1bc8b77fcd0c99db446f4
  Flutter: 50d75fe2f02b26cc09d224853bb45737f8b3214a
  fluttertoast: 16fbe6039d06a763f3533670197d01fc73459037
  Toast: 91b396c56ee72a5790816f40d3a94dd357abc196

PODFILE CHECKSUM: faec4d171793fbbab53a4cde94df955e992a4bed

COCOAPODS: 1.11.2
