PODS:
  - Alamofire (5.4.1)
  - Bolts-Swift (1.5.0)
  - Bolts/Tasks (1.9.1)
  - CocoaLumberjack/Core (3.7.0)
  - CocoaLumberjack/Swift (3.7.0):
    - CocoaLumberjack/Core
  - ConfigWiseSDK (1.4.1):
    - Alamofire
    - CocoaLumberjack/Swift
    - Parse
    - ParseLiveQuery
    - Zip
  - cwflutter (1.0.16):
    - ConfigWiseSDK (= 1.4.1)
    - Flutter
  - Flutter (1.0.0)
  - fluttertoast (0.0.2):
    - Flutter
    - Toast
  - Parse (1.19.2):
    - Parse/Core (= 1.19.2)
  - Parse/Core (1.19.2):
    - Bolts/Tasks (= 1.9.1)
  - ParseLiveQuery (2.8.0):
    - Bolts-Swift (~> 1.5.0)
    - Parse (~> 1.19.0)
    - Starscream (~> 4.0.4)
  - Starscream (4.0.4)
  - Toast (4.0.0)
  - Zip (2.1.1)

DEPENDENCIES:
  - cwflutter (from `.symlinks/plugins/cwflutter/ios`)
  - Flutter (from `Flutter`)
  - fluttertoast (from `.symlinks/plugins/fluttertoast/ios`)

SPEC REPOS:
  trunk:
    - Alamofire
    - Bolts
    - Bolts-Swift
    - CocoaLumberjack
    - ConfigWiseSDK
    - Parse
    - ParseLiveQuery
    - Starscream
    - Toast
    - Zip

EXTERNAL SOURCES:
  cwflutter:
    :path: ".symlinks/plugins/cwflutter/ios"
  Flutter:
    :path: Flutter
  fluttertoast:
    :path: ".symlinks/plugins/fluttertoast/ios"

SPEC CHECKSUMS:
  Alamofire: 2291f7d21ca607c491dd17642e5d40fdcda0e65c
  Bolts: 8c1e8aab2f603387b8b9924f57d1d64f43d3ffdc
  Bolts-Swift: afbbaf8c8186e7f769be4afa656949c14087ba44
  CocoaLumberjack: e8955b9d337ac307103b0a34fd141c32f27e53c5
  ConfigWiseSDK: 360e84d7edfa7c6371e337181f8ee808cb1e0cac
  cwflutter: 2fe79cde5cc71b9c1c45b21c6965c108572ffeb6
  Flutter: 0e3d915762c693b495b44d77113d4970485de6ec
  fluttertoast: 6122fa75143e992b1d3470f61000f591a798cc58
  Parse: 081fb8755c3000fd11df817eec235def233d0af3
  ParseLiveQuery: 366b5876aa20074ea7fea52446376e102447b5df
  Starscream: 5178aed56b316f13fa3bc55694e583d35dd414d9
  Toast: 91b396c56ee72a5790816f40d3a94dd357abc196
  Zip: 414f59909701fda9a84ab774ebe0f5449b1082cc

PODFILE CHECKSUM: 83fc8b2b0731f43d2da05e09ef128d372dbec24f

COCOAPODS: 1.10.1
