PODS:
  - Alamofire (5.4.0)
  - AssetImportKit (1.1.1):
    - Assimp (~> 5.0.1)
  - Assimp (5.0.1)
  - Bolts-Swift (1.5.0)
  - Bolts/Tasks (1.9.1)
  - CocoaLumberjack/Core (3.7.0)
  - CocoaLumberjack/Swift (3.7.0):
    - CocoaLumberjack/Core
  - ConfigWiseSDK (1.3.4):
    - Alamofire
    - AssetImportKit
    - CocoaLumberjack/Swift
    - Parse
    - ParseLiveQuery
    - SwiftTryCatch
  - cwflutter (1.0.8):
    - ConfigWiseSDK
    - Flutter
  - Flutter (1.0.0)
  - fluttertoast (0.0.2):
    - Flutter
    - Toast
  - Parse (1.19.1):
    - Parse/Core (= 1.19.1)
  - Parse/Core (1.19.1):
    - Bolts/Tasks (= 1.9.1)
  - ParseLiveQuery (2.7.2):
    - Bolts-Swift (~> 1.5.0)
    - Parse (~> 1.19.0)
    - Starscream (= 3.1.0)
  - Starscream (3.1.0)
  - SwiftTryCatch (0.0.1)
  - Toast (4.0.0)

DEPENDENCIES:
  - cwflutter (from `.symlinks/plugins/cwflutter/ios`)
  - Flutter (from `Flutter`)
  - fluttertoast (from `.symlinks/plugins/fluttertoast/ios`)

SPEC REPOS:
  trunk:
    - Alamofire
    - AssetImportKit
    - Assimp
    - Bolts
    - Bolts-Swift
    - CocoaLumberjack
    - ConfigWiseSDK
    - Parse
    - ParseLiveQuery
    - Starscream
    - SwiftTryCatch
    - Toast

EXTERNAL SOURCES:
  cwflutter:
    :path: ".symlinks/plugins/cwflutter/ios"
  Flutter:
    :path: Flutter
  fluttertoast:
    :path: ".symlinks/plugins/fluttertoast/ios"

SPEC CHECKSUMS:
  Alamofire: 3b6a534a3df22db367e4dedeeca73d1ddfcf0e2f
  AssetImportKit: ed24a95cf339e89c25cc013446971aab4bed9484
  Assimp: 7c051f7c544503445dda033fb7cafb99fc5b3112
  Bolts: 8c1e8aab2f603387b8b9924f57d1d64f43d3ffdc
  Bolts-Swift: afbbaf8c8186e7f769be4afa656949c14087ba44
  CocoaLumberjack: e8955b9d337ac307103b0a34fd141c32f27e53c5
  ConfigWiseSDK: 3d328ccb682dc3041c5d8acddfb83d25664b961e
  cwflutter: 41841c2f81fe6ac6062f9a83e6fb3af37b79e43a
  Flutter: 0e3d915762c693b495b44d77113d4970485de6ec
  fluttertoast: 6122fa75143e992b1d3470f61000f591a798cc58
  Parse: e40fdb9c7d665823b7fe9865949cac9a53eb2ce7
  ParseLiveQuery: 937da9ac5b4ae3d0483d06f24d16b962224cbe93
  Starscream: 08172b481e145289c4930cb567230fb55897cfa4
  SwiftTryCatch: fb6d2b34abe48efd69578dac919293a44f95b481
  Toast: 91b396c56ee72a5790816f40d3a94dd357abc196

PODFILE CHECKSUM: 83fc8b2b0731f43d2da05e09ef128d372dbec24f

COCOAPODS: 1.10.0
